PODS:
  - Alamofire (4.7.0)
  - FLAnimatedImage (1.0.12)
  - KGHitTestingViews (0.9.5)
  - NVActivityIndicatorView (4.1.1):
    - NVActivityIndicatorView/Presenter (= 4.1.1)
  - NVActivityIndicatorView/Presenter (4.1.1)
  - Realm (3.2.0):
    - Realm/Headers (= 3.2.0)
  - Realm/Headers (3.2.0)
  - RealmSwift (3.2.0):
    - Realm (= 3.2.0)
  - SwiftyJSON (4.0.0)

DEPENDENCIES:
  - Alamofire (~> 4.7)
  - FLAnimatedImage
  - KGHitTestingViews
  - NVActivityIndicatorView
  - RealmSwift
  - SwiftyJSON

SPEC CHECKSUMS:
  Alamofire: 907e0a98eb68cdb7f9d1f541a563d6ac5dc77b25
  FLAnimatedImage: 4a0b56255d9b05f18b6dd7ee06871be5d3b89e31
  KGHitTestingViews: 34a1c05a3ec0778ca8c46fadf994c9292c56f374
  NVActivityIndicatorView: 60109b9bf46efc2e71ab81453196ccdfdfeea870
  Realm: ae552b9b9eca3a12374a589fa842f220e286a80a
  RealmSwift: 05727129547dcab3fe828bd87bc30be903736b9c
  SwiftyJSON: 070dabdcb1beb81b247c65ffa3a79dbbfb3b48aa

PODFILE CHECKSUM: ec1a8bb5a3d05ea92ffe34c162f71b23266b4d26

COCOAPODS: 1.4.0
